
Microsoft Visual Studio Solution File, Format Version 12.00
Project("{FAE04EC0-301F-11D3-BF4B-00C04F79EFBC}") = "WebApiKolokwium", "WebApiKolokwium\WebApiKolokwium.csproj", "{76EEF965-F12F-4E1B-A9B7-EAF3C32D05A2}"
EndProject
Global
	GlobalSection(SolutionConfigurationPlatforms) = preSolution
		Debug|Any CPU = Debug|Any CPU
		Release|Any CPU = Release|Any CPU
	EndGlobalSection
	GlobalSection(ProjectConfigurationPlatforms) = postSolution
		{76EEF965-F12F-4E1B-A9B7-EAF3C32D05A2}.Debug|Any CPU.ActiveCfg = Debug|Any CPU
		{76EEF965-F12F-4E1B-A9B7-EAF3C32D05A2}.Debug|Any CPU.Build.0 = Debug|Any CPU
		{76EEF965-F12F-4E1B-A9B7-EAF3C32D05A2}.Release|Any CPU.ActiveCfg = Release|Any CPU
		{76EEF965-F12F-4E1B-A9B7-EAF3C32D05A2}.Release|Any CPU.Build.0 = Release|Any CPU
	EndGlobalSection
EndGlobal
